
Microsoft Visual Studio Solution File, Format Version 12.00
# Visual Studio Version 17
VisualStudioVersion = 17.3.32929.385
MinimumVisualStudioVersion = 10.0.40219.1
Project("{FAE04EC0-301F-11D3-BF4B-00C04F79EFBC}") = "CRUD_Forms", "CRUD_Forms\CRUD_Forms.csproj", "{6410AD4F-A1F3-49F4-8D4B-8274BFA79E7B}"
EndProject
Project("{FAE04EC0-301F-11D3-BF4B-00C04F79EFBC}") = "DataAcessLayer", "DataAcessLayer\DataAcessLayer.csproj", "{C7070216-F8E5-4073-BB27-B51E04F0DF32}"
EndProject
Project("{FAE04EC0-301F-11D3-BF4B-00C04F79EFBC}") = "BussinessLogic", "BussinessLogic\BussinessLogic.csproj", "{B4733316-AD4B-4970-A66B-F681B4928BC5}"
EndProject
Global
	GlobalSection(SolutionConfigurationPlatforms) = preSolution
		Debug|Any CPU = Debug|Any CPU
		Release|Any CPU = Release|Any CPU
	EndGlobalSection
	GlobalSection(ProjectConfigurationPlatforms) = postSolution
		{6410AD4F-A1F3-49F4-8D4B-8274BFA79E7B}.Debug|Any CPU.ActiveCfg = Debug|Any CPU
		{6410AD4F-A1F3-49F4-8D4B-8274BFA79E7B}.Debug|Any CPU.Build.0 = Debug|Any CPU
		{6410AD4F-A1F3-49F4-8D4B-8274BFA79E7B}.Release|Any CPU.ActiveCfg = Release|Any CPU
		{6410AD4F-A1F3-49F4-8D4B-8274BFA79E7B}.Release|Any CPU.Build.0 = Release|Any CPU
		{C7070216-F8E5-4073-BB27-B51E04F0DF32}.Debug|Any CPU.ActiveCfg = Debug|Any CPU
		{C7070216-F8E5-4073-BB27-B51E04F0DF32}.Debug|Any CPU.Build.0 = Debug|Any CPU
		{C7070216-F8E5-4073-BB27-B51E04F0DF32}.Release|Any CPU.ActiveCfg = Release|Any CPU
		{C7070216-F8E5-4073-BB27-B51E04F0DF32}.Release|Any CPU.Build.0 = Release|Any CPU
		{B4733316-AD4B-4970-A66B-F681B4928BC5}.Debug|Any CPU.ActiveCfg = Debug|Any CPU
		{B4733316-AD4B-4970-A66B-F681B4928BC5}.Debug|Any CPU.Build.0 = Debug|Any CPU
		{B4733316-AD4B-4970-A66B-F681B4928BC5}.Release|Any CPU.ActiveCfg = Release|Any CPU
		{B4733316-AD4B-4970-A66B-F681B4928BC5}.Release|Any CPU.Build.0 = Release|Any CPU
	EndGlobalSection
	GlobalSection(SolutionProperties) = preSolution
		HideSolutionNode = FALSE
	EndGlobalSection
	GlobalSection(ExtensibilityGlobals) = postSolution
		SolutionGuid = {A8BDD198-8CC3-4792-BFE5-722634685A2A}
	EndGlobalSection
EndGlobal
